
Microsoft Visual Studio Solution File, Format Version 12.00
# Visual Studio Version 17
VisualStudioVersion = 17.14.36705.20 d17.14
MinimumVisualStudioVersion = 10.0.40219.1
Project("{FAE04EC0-301F-11D3-BF4B-00C04F79EFBC}") = "DependencyInjectionAPI", "..\DependencyInjectionAPI\DependencyInjectionAPI.csproj", "{55DB6540-ABD0-427B-B2E6-0571DC6E0587}"
EndProject
Global
	GlobalSection(SolutionConfigurationPlatforms) = preSolution
		Debug|Any CPU = Debug|Any CPU
		Release|Any CPU = Release|Any CPU
	EndGlobalSection
	GlobalSection(ProjectConfigurationPlatforms) = postSolution
		{55DB6540-ABD0-427B-B2E6-0571DC6E0587}.Debug|Any CPU.ActiveCfg = Debug|Any CPU
		{55DB6540-ABD0-427B-B2E6-0571DC6E0587}.Debug|Any CPU.Build.0 = Debug|Any CPU
		{55DB6540-ABD0-427B-B2E6-0571DC6E0587}.Release|Any CPU.ActiveCfg = Release|Any CPU
		{55DB6540-ABD0-427B-B2E6-0571DC6E0587}.Release|Any CPU.Build.0 = Release|Any CPU
	EndGlobalSection
	GlobalSection(SolutionProperties) = preSolution
		HideSolutionNode = FALSE
	EndGlobalSection
	GlobalSection(ExtensibilityGlobals) = postSolution
		SolutionGuid = {660A9BA2-2116-4829-B415-3A38D4AE6030}
	EndGlobalSection
EndGlobal
